
Microsoft Visual Studio Solution File, Format Version 12.00
# Visual Studio Version 17
VisualStudioVersion = 17.1.32421.90
MinimumVisualStudioVersion = 10.0.40219.1
Project("{9A19103F-16F7-4668-BE54-9A1E7A4F7556}") = "DynamicLocalization", "DynamicLocalization\DynamicLocalization\DynamicLocalization.csproj", "{3A3FDC90-3581-4258-AE40-4E802600922D}"
EndProject
Project("{9A19103F-16F7-4668-BE54-9A1E7A4F7556}") = "DynamicLocalization.Android", "DynamicLocalization\DynamicLocalization.Android\DynamicLocalization.Android.csproj", "{F42EDFA0-8BEA-4D11-AC9D-1B072A4CC917}"
EndProject
Project("{9A19103F-16F7-4668-BE54-9A1E7A4F7556}") = "DynamicLocalization.iOS", "DynamicLocalization\DynamicLocalization.iOS\DynamicLocalization.iOS.csproj", "{29122548-378F-4A98-B4BC-20762425675C}"
EndProject
Global
	GlobalSection(SolutionConfigurationPlatforms) = preSolution
		Debug|Any CPU = Debug|Any CPU
		Debug|ARM = Debug|ARM
		Debug|iPhone = Debug|iPhone
		Debug|iPhoneSimulator = Debug|iPhoneSimulator
		Debug|x64 = Debug|x64
		Debug|x86 = Debug|x86
		Release|Any CPU = Release|Any CPU
		Release|ARM = Release|ARM
		Release|iPhone = Release|iPhone
		Release|iPhoneSimulator = Release|iPhoneSimulator
		Release|x64 = Release|x64
		Release|x86 = Release|x86
	EndGlobalSection
	GlobalSection(ProjectConfigurationPlatforms) = postSolution
		{3A3FDC90-3581-4258-AE40-4E802600922D}.Debug|Any CPU.ActiveCfg = Debug|Any CPU
		{3A3FDC90-3581-4258-AE40-4E802600922D}.Debug|Any CPU.Build.0 = Debug|Any CPU
		{3A3FDC90-3581-4258-AE40-4E802600922D}.Debug|Any CPU.Deploy.0 = Debug|Any CPU
		{3A3FDC90-3581-4258-AE40-4E802600922D}.Debug|ARM.ActiveCfg = Debug|Any CPU
		{3A3FDC90-3581-4258-AE40-4E802600922D}.Debug|ARM.Build.0 = Debug|Any CPU
		{3A3FDC90-3581-4258-AE40-4E802600922D}.Debug|ARM.Deploy.0 = Debug|Any CPU
		{3A3FDC90-3581-4258-AE40-4E802600922D}.Debug|iPhone.ActiveCfg = Debug|Any CPU
<<<<<<< HEAD
		{3A3FDC90-3581-4258-AE40-4E802600922D}.Debug|iPhone.Build.0 = Debug|Any CPU
		{3A3FDC90-3581-4258-AE40-4E802600922D}.Debug|iPhone.Deploy.0 = Debug|Any CPU
=======
>>>>>>> d900c46c74128324bc811c776edf1d39314549b1
		{3A3FDC90-3581-4258-AE40-4E802600922D}.Debug|iPhoneSimulator.ActiveCfg = Debug|Any CPU
		{3A3FDC90-3581-4258-AE40-4E802600922D}.Debug|iPhoneSimulator.Build.0 = Debug|Any CPU
		{3A3FDC90-3581-4258-AE40-4E802600922D}.Debug|iPhoneSimulator.Deploy.0 = Debug|Any CPU
		{3A3FDC90-3581-4258-AE40-4E802600922D}.Debug|x64.ActiveCfg = Debug|Any CPU
		{3A3FDC90-3581-4258-AE40-4E802600922D}.Debug|x64.Build.0 = Debug|Any CPU
		{3A3FDC90-3581-4258-AE40-4E802600922D}.Debug|x64.Deploy.0 = Debug|Any CPU
		{3A3FDC90-3581-4258-AE40-4E802600922D}.Debug|x86.ActiveCfg = Debug|Any CPU
		{3A3FDC90-3581-4258-AE40-4E802600922D}.Debug|x86.Build.0 = Debug|Any CPU
		{3A3FDC90-3581-4258-AE40-4E802600922D}.Debug|x86.Deploy.0 = Debug|Any CPU
		{3A3FDC90-3581-4258-AE40-4E802600922D}.Release|Any CPU.ActiveCfg = Release|Any CPU
<<<<<<< HEAD
		{3A3FDC90-3581-4258-AE40-4E802600922D}.Release|Any CPU.Build.0 = Release|Any CPU
		{3A3FDC90-3581-4258-AE40-4E802600922D}.Release|Any CPU.Deploy.0 = Release|Any CPU
		{3A3FDC90-3581-4258-AE40-4E802600922D}.Release|ARM.ActiveCfg = Release|Any CPU
		{3A3FDC90-3581-4258-AE40-4E802600922D}.Release|ARM.Build.0 = Release|Any CPU
		{3A3FDC90-3581-4258-AE40-4E802600922D}.Release|ARM.Deploy.0 = Release|Any CPU
		{3A3FDC90-3581-4258-AE40-4E802600922D}.Release|iPhone.ActiveCfg = Release|Any CPU
		{3A3FDC90-3581-4258-AE40-4E802600922D}.Release|iPhone.Build.0 = Release|Any CPU
		{3A3FDC90-3581-4258-AE40-4E802600922D}.Release|iPhone.Deploy.0 = Release|Any CPU
		{3A3FDC90-3581-4258-AE40-4E802600922D}.Release|iPhoneSimulator.ActiveCfg = Release|Any CPU
		{3A3FDC90-3581-4258-AE40-4E802600922D}.Release|iPhoneSimulator.Build.0 = Release|Any CPU
		{3A3FDC90-3581-4258-AE40-4E802600922D}.Release|iPhoneSimulator.Deploy.0 = Release|Any CPU
		{3A3FDC90-3581-4258-AE40-4E802600922D}.Release|x64.ActiveCfg = Release|Any CPU
		{3A3FDC90-3581-4258-AE40-4E802600922D}.Release|x64.Build.0 = Release|Any CPU
		{3A3FDC90-3581-4258-AE40-4E802600922D}.Release|x64.Deploy.0 = Release|Any CPU
		{3A3FDC90-3581-4258-AE40-4E802600922D}.Release|x86.ActiveCfg = Release|Any CPU
		{3A3FDC90-3581-4258-AE40-4E802600922D}.Release|x86.Build.0 = Release|Any CPU
		{3A3FDC90-3581-4258-AE40-4E802600922D}.Release|x86.Deploy.0 = Release|Any CPU
=======
		{3A3FDC90-3581-4258-AE40-4E802600922D}.Release|iPhone.ActiveCfg = Release|Any CPU
		{3A3FDC90-3581-4258-AE40-4E802600922D}.Release|iPhoneSimulator.ActiveCfg = Release|Any CPU
>>>>>>> d900c46c74128324bc811c776edf1d39314549b1
		{F42EDFA0-8BEA-4D11-AC9D-1B072A4CC917}.Debug|Any CPU.ActiveCfg = Debug|Any CPU
		{F42EDFA0-8BEA-4D11-AC9D-1B072A4CC917}.Debug|Any CPU.Build.0 = Debug|Any CPU
		{F42EDFA0-8BEA-4D11-AC9D-1B072A4CC917}.Debug|ARM.ActiveCfg = Debug|Any CPU
		{F42EDFA0-8BEA-4D11-AC9D-1B072A4CC917}.Debug|ARM.Build.0 = Debug|Any CPU
		{F42EDFA0-8BEA-4D11-AC9D-1B072A4CC917}.Debug|ARM.Deploy.0 = Debug|Any CPU
		{F42EDFA0-8BEA-4D11-AC9D-1B072A4CC917}.Debug|iPhone.ActiveCfg = Debug|Any CPU
		{F42EDFA0-8BEA-4D11-AC9D-1B072A4CC917}.Debug|iPhoneSimulator.ActiveCfg = Debug|Any CPU
<<<<<<< HEAD
		{F42EDFA0-8BEA-4D11-AC9D-1B072A4CC917}.Debug|iPhoneSimulator.Build.0 = Debug|Any CPU
		{F42EDFA0-8BEA-4D11-AC9D-1B072A4CC917}.Debug|x64.ActiveCfg = Debug|Any CPU
		{F42EDFA0-8BEA-4D11-AC9D-1B072A4CC917}.Debug|x64.Build.0 = Debug|Any CPU
		{F42EDFA0-8BEA-4D11-AC9D-1B072A4CC917}.Debug|x64.Deploy.0 = Debug|Any CPU
		{F42EDFA0-8BEA-4D11-AC9D-1B072A4CC917}.Debug|x86.ActiveCfg = Debug|Any CPU
		{F42EDFA0-8BEA-4D11-AC9D-1B072A4CC917}.Debug|x86.Build.0 = Debug|Any CPU
		{F42EDFA0-8BEA-4D11-AC9D-1B072A4CC917}.Debug|x86.Deploy.0 = Debug|Any CPU
		{F42EDFA0-8BEA-4D11-AC9D-1B072A4CC917}.Release|Any CPU.ActiveCfg = Release|Any CPU
		{F42EDFA0-8BEA-4D11-AC9D-1B072A4CC917}.Release|Any CPU.Build.0 = Release|Any CPU
		{F42EDFA0-8BEA-4D11-AC9D-1B072A4CC917}.Release|Any CPU.Deploy.0 = Release|Any CPU
		{F42EDFA0-8BEA-4D11-AC9D-1B072A4CC917}.Release|ARM.ActiveCfg = Release|Any CPU
		{F42EDFA0-8BEA-4D11-AC9D-1B072A4CC917}.Release|ARM.Build.0 = Release|Any CPU
		{F42EDFA0-8BEA-4D11-AC9D-1B072A4CC917}.Release|ARM.Deploy.0 = Release|Any CPU
=======
		{F42EDFA0-8BEA-4D11-AC9D-1B072A4CC917}.Release|Any CPU.ActiveCfg = Release|Any CPU
>>>>>>> d900c46c74128324bc811c776edf1d39314549b1
		{F42EDFA0-8BEA-4D11-AC9D-1B072A4CC917}.Release|iPhone.ActiveCfg = Release|Any CPU
		{F42EDFA0-8BEA-4D11-AC9D-1B072A4CC917}.Release|iPhoneSimulator.ActiveCfg = Release|Any CPU
<<<<<<< HEAD
		{F42EDFA0-8BEA-4D11-AC9D-1B072A4CC917}.Release|iPhoneSimulator.Build.0 = Release|Any CPU
		{F42EDFA0-8BEA-4D11-AC9D-1B072A4CC917}.Release|iPhoneSimulator.Deploy.0 = Release|Any CPU
		{F42EDFA0-8BEA-4D11-AC9D-1B072A4CC917}.Release|x64.ActiveCfg = Release|Any CPU
		{F42EDFA0-8BEA-4D11-AC9D-1B072A4CC917}.Release|x64.Build.0 = Release|Any CPU
		{F42EDFA0-8BEA-4D11-AC9D-1B072A4CC917}.Release|x64.Deploy.0 = Release|Any CPU
		{F42EDFA0-8BEA-4D11-AC9D-1B072A4CC917}.Release|x86.ActiveCfg = Release|Any CPU
		{F42EDFA0-8BEA-4D11-AC9D-1B072A4CC917}.Release|x86.Build.0 = Release|Any CPU
		{F42EDFA0-8BEA-4D11-AC9D-1B072A4CC917}.Release|x86.Deploy.0 = Release|Any CPU
		{29122548-378F-4A98-B4BC-20762425675C}.Debug|Any CPU.ActiveCfg = Debug|Any CPU
		{29122548-378F-4A98-B4BC-20762425675C}.Debug|Any CPU.Build.0 = Debug|Any CPU
		{29122548-378F-4A98-B4BC-20762425675C}.Debug|Any CPU.Deploy.0 = Debug|Any CPU
		{29122548-378F-4A98-B4BC-20762425675C}.Debug|ARM.ActiveCfg = Debug|iPhone
		{29122548-378F-4A98-B4BC-20762425675C}.Debug|ARM.Build.0 = Debug|iPhone
		{29122548-378F-4A98-B4BC-20762425675C}.Debug|ARM.Deploy.0 = Debug|iPhone
		{29122548-378F-4A98-B4BC-20762425675C}.Debug|iPhone.ActiveCfg = Debug|Any CPU
		{29122548-378F-4A98-B4BC-20762425675C}.Debug|iPhone.Build.0 = Debug|Any CPU
		{29122548-378F-4A98-B4BC-20762425675C}.Debug|iPhone.Deploy.0 = Debug|Any CPU
		{29122548-378F-4A98-B4BC-20762425675C}.Debug|iPhoneSimulator.ActiveCfg = Debug|Any CPU
		{29122548-378F-4A98-B4BC-20762425675C}.Debug|iPhoneSimulator.Build.0 = Debug|Any CPU
		{29122548-378F-4A98-B4BC-20762425675C}.Debug|x64.ActiveCfg = Debug|iPhoneSimulator
		{29122548-378F-4A98-B4BC-20762425675C}.Debug|x64.Build.0 = Debug|iPhoneSimulator
		{29122548-378F-4A98-B4BC-20762425675C}.Debug|x64.Deploy.0 = Debug|iPhoneSimulator
		{29122548-378F-4A98-B4BC-20762425675C}.Debug|x86.ActiveCfg = Debug|iPhoneSimulator
		{29122548-378F-4A98-B4BC-20762425675C}.Debug|x86.Build.0 = Debug|iPhoneSimulator
		{29122548-378F-4A98-B4BC-20762425675C}.Debug|x86.Deploy.0 = Debug|iPhoneSimulator
		{29122548-378F-4A98-B4BC-20762425675C}.Release|Any CPU.ActiveCfg = Release|iPhoneSimulator
		{29122548-378F-4A98-B4BC-20762425675C}.Release|Any CPU.Build.0 = Release|iPhoneSimulator
		{29122548-378F-4A98-B4BC-20762425675C}.Release|Any CPU.Deploy.0 = Release|iPhoneSimulator
		{29122548-378F-4A98-B4BC-20762425675C}.Release|ARM.ActiveCfg = Release|iPhoneSimulator
		{29122548-378F-4A98-B4BC-20762425675C}.Release|ARM.Build.0 = Release|iPhoneSimulator
		{29122548-378F-4A98-B4BC-20762425675C}.Release|ARM.Deploy.0 = Release|iPhoneSimulator
		{29122548-378F-4A98-B4BC-20762425675C}.Release|iPhone.ActiveCfg = Release|iPhone
		{29122548-378F-4A98-B4BC-20762425675C}.Release|iPhone.Build.0 = Release|iPhone
		{29122548-378F-4A98-B4BC-20762425675C}.Release|iPhone.Deploy.0 = Release|iPhone
		{29122548-378F-4A98-B4BC-20762425675C}.Release|iPhoneSimulator.ActiveCfg = Release|iPhoneSimulator
		{29122548-378F-4A98-B4BC-20762425675C}.Release|iPhoneSimulator.Build.0 = Release|iPhoneSimulator
		{29122548-378F-4A98-B4BC-20762425675C}.Release|iPhoneSimulator.Deploy.0 = Release|iPhoneSimulator
		{29122548-378F-4A98-B4BC-20762425675C}.Release|x64.ActiveCfg = Release|iPhoneSimulator
		{29122548-378F-4A98-B4BC-20762425675C}.Release|x64.Build.0 = Release|iPhoneSimulator
		{29122548-378F-4A98-B4BC-20762425675C}.Release|x64.Deploy.0 = Release|iPhoneSimulator
		{29122548-378F-4A98-B4BC-20762425675C}.Release|x86.ActiveCfg = Release|iPhoneSimulator
		{29122548-378F-4A98-B4BC-20762425675C}.Release|x86.Build.0 = Release|iPhoneSimulator
		{29122548-378F-4A98-B4BC-20762425675C}.Release|x86.Deploy.0 = Release|iPhoneSimulator
=======
		{29122548-378F-4A98-B4BC-20762425675C}.Debug|Any CPU.ActiveCfg = Debug|Any CPU
		{29122548-378F-4A98-B4BC-20762425675C}.Debug|Any CPU.Deploy.0 = Debug|Any CPU
		{29122548-378F-4A98-B4BC-20762425675C}.Debug|iPhone.ActiveCfg = Debug|Any CPU
		{29122548-378F-4A98-B4BC-20762425675C}.Debug|iPhoneSimulator.ActiveCfg = Debug|Any CPU
		{29122548-378F-4A98-B4BC-20762425675C}.Debug|iPhoneSimulator.Build.0 = Debug|Any CPU
		{29122548-378F-4A98-B4BC-20762425675C}.Debug|iPhoneSimulator.Deploy.0 = Debug|Any CPU
		{29122548-378F-4A98-B4BC-20762425675C}.Release|Any CPU.ActiveCfg = Release|Any CPU
		{29122548-378F-4A98-B4BC-20762425675C}.Release|iPhone.ActiveCfg = Release|Any CPU
		{29122548-378F-4A98-B4BC-20762425675C}.Release|iPhoneSimulator.ActiveCfg = Release|Any CPU
>>>>>>> d900c46c74128324bc811c776edf1d39314549b1
	EndGlobalSection
	GlobalSection(SolutionProperties) = preSolution
		HideSolutionNode = FALSE
	EndGlobalSection
	GlobalSection(ExtensibilityGlobals) = postSolution
		SolutionGuid = {4D2E544D-66DF-4442-A2B8-994EC9B5F6D9}
	EndGlobalSection
EndGlobal
